
Microsoft Visual Studio Solution File, Format Version 12.00
# Visual Studio Version 17
VisualStudioVersion = 17.8.34330.188
MinimumVisualStudioVersion = 10.0.40219.1
Project("{9A19103F-16F7-4668-BE54-9A1E7A4F7556}") = "invite.Server", "invite.Server\invite.Server.csproj", "{1F6E6FE4-ECAA-400F-955F-D31B56B20908}"
EndProject
Project("{54A90642-561A-4BB1-A94E-469ADEE60C69}") = "invite.client", "invite.client\invite.client.esproj", "{110CE59C-1403-4375-8ECD-7030B8CA5797}"
EndProject
Project("{E53339B2-1760-4266-BCC7-CA923CBCF16C}") = "docker-compose", "docker-compose.dcproj", "{C9DB4936-2420-40D2-B8A1-E82992E5F92B}"
EndProject
Project("{FAE04EC0-301F-11D3-BF4B-00C04F79EFBC}") = "DataAccessLayer", "DataAccessLayer\DataAccessLayer.csproj", "{0C4940AD-EA0B-4D53-B55C-B14D5F8F7B4A}"
EndProject
Global
	GlobalSection(SolutionConfigurationPlatforms) = preSolution
		Debug|Any CPU = Debug|Any CPU
		Release|Any CPU = Release|Any CPU
	EndGlobalSection
	GlobalSection(ProjectConfigurationPlatforms) = postSolution
		{1F6E6FE4-ECAA-400F-955F-D31B56B20908}.Debug|Any CPU.ActiveCfg = Debug|Any CPU
		{1F6E6FE4-ECAA-400F-955F-D31B56B20908}.Debug|Any CPU.Build.0 = Debug|Any CPU
		{1F6E6FE4-ECAA-400F-955F-D31B56B20908}.Release|Any CPU.ActiveCfg = Release|Any CPU
		{1F6E6FE4-ECAA-400F-955F-D31B56B20908}.Release|Any CPU.Build.0 = Release|Any CPU
		{110CE59C-1403-4375-8ECD-7030B8CA5797}.Debug|Any CPU.ActiveCfg = Debug|Any CPU
		{110CE59C-1403-4375-8ECD-7030B8CA5797}.Debug|Any CPU.Build.0 = Debug|Any CPU
		{110CE59C-1403-4375-8ECD-7030B8CA5797}.Debug|Any CPU.Deploy.0 = Debug|Any CPU
		{110CE59C-1403-4375-8ECD-7030B8CA5797}.Release|Any CPU.ActiveCfg = Release|Any CPU
		{110CE59C-1403-4375-8ECD-7030B8CA5797}.Release|Any CPU.Build.0 = Release|Any CPU
		{110CE59C-1403-4375-8ECD-7030B8CA5797}.Release|Any CPU.Deploy.0 = Release|Any CPU
		{C9DB4936-2420-40D2-B8A1-E82992E5F92B}.Debug|Any CPU.ActiveCfg = Debug|Any CPU
		{C9DB4936-2420-40D2-B8A1-E82992E5F92B}.Debug|Any CPU.Build.0 = Debug|Any CPU
		{C9DB4936-2420-40D2-B8A1-E82992E5F92B}.Release|Any CPU.ActiveCfg = Release|Any CPU
		{C9DB4936-2420-40D2-B8A1-E82992E5F92B}.Release|Any CPU.Build.0 = Release|Any CPU
		{0C4940AD-EA0B-4D53-B55C-B14D5F8F7B4A}.Debug|Any CPU.ActiveCfg = Debug|Any CPU
		{0C4940AD-EA0B-4D53-B55C-B14D5F8F7B4A}.Debug|Any CPU.Build.0 = Debug|Any CPU
		{0C4940AD-EA0B-4D53-B55C-B14D5F8F7B4A}.Release|Any CPU.ActiveCfg = Release|Any CPU
		{0C4940AD-EA0B-4D53-B55C-B14D5F8F7B4A}.Release|Any CPU.Build.0 = Release|Any CPU
	EndGlobalSection
	GlobalSection(SolutionProperties) = preSolution
		HideSolutionNode = FALSE
	EndGlobalSection
	GlobalSection(ExtensibilityGlobals) = postSolution
		SolutionGuid = {BD768712-7545-4A7C-816F-7346CA929EFE}
	EndGlobalSection
EndGlobal
